{
  "version": "5",
  "specifiers": {
    "jsr:@std/assert@1": "1.0.19",
    "jsr:@std/internal@^1.0.12": "1.0.14",
    "npm:prettier@*": "3.8.3"
  },
  "jsr": {
    "@std/assert@1.0.19": {
      "integrity": "eaada96ee120cb980bc47e040f82814d786fe8162ecc53c91d8df60b8755991e",
      "dependencies": [
        "jsr:@std/internal"
      ]
    },
    "@std/internal@1.0.14": {
      "integrity": "291516b3d4c35024d6ffbc0a9df5bf4c64116e05b50012cf846710152d2ffdf7"
    }
  },
  "npm": {
    "prettier@3.8.3": {
      "integrity": "sha512-7igPTM53cGHMW8xWuVTydi2KO233VFiTNyF5hLJqpilHfmn8C8gPf+PS7dUT64YcXFbiMGZxS9pCSxL/Dxm/Jw==",
      "bin": true
    }
  },
  "redirects": {
    "https://deno.land/std/media_types/mod.ts": "https://deno.land/std@0.224.0/media_types/mod.ts"
  },
  "remote": {
    "https://deno.land/std@0.224.0/async/delay.ts": "f90dd685b97c2f142b8069082993e437b1602b8e2561134827eeb7c12b95c499",
    "https://deno.land/std@0.224.0/http/server.ts": "f9313804bf6467a1704f45f76cb6cd0a3396a3b31c316035e6a4c2035d1ea514",
    "https://deno.land/std@0.224.0/media_types/_db.ts": "19563a2491cd81b53b9c1c6ffd1a9145c355042d4a854c52f6e1424f73ff3923",
    "https://deno.land/std@0.224.0/media_types/_util.ts": "e0b8da0c7d8ad2015cf27ac16ddf0809ac984b2f3ec79f7fa4206659d4f10deb",
    "https://deno.land/std@0.224.0/media_types/content_type.ts": "ed3f2e1f243b418ad3f441edc95fd92efbadb0f9bde36219c7564c67f9639513",
    "https://deno.land/std@0.224.0/media_types/extension.ts": "ec91e1818864cb84f8053ecafb270eaca702412c15c2086929ae34132e11c56a",
    "https://deno.land/std@0.224.0/media_types/extensions_by_type.ts": "9db10797e09421815688c8f7a2fbfd5dcb040fa5c488278f1b9e04359369bd0b",
    "https://deno.land/std@0.224.0/media_types/format_media_type.ts": "ffef4718afa2489530cb94021bb865a466eb02037609f7e82899c017959d288a",
    "https://deno.land/std@0.224.0/media_types/get_charset.ts": "277ebfceb205bd34e616fe6764ef03fb277b77f040706272bea8680806ae3f11",
    "https://deno.land/std@0.224.0/media_types/mod.ts": "c8acfa43ce3993e99f4d8aa60fb828a4eee3ab6920aaeb90f6a3d63f6f4f3435",
    "https://deno.land/std@0.224.0/media_types/parse_media_type.ts": "487f000a38c230ccbac25420a50f600862e06796d0eee19d19631b9e84ee9654",
    "https://deno.land/std@0.224.0/media_types/type_by_extension.ts": "bf4e3f5d6b58b624d5daa01cbb8b1e86d9939940a77e7c26e796a075b60ec73b",
    "https://deno.land/std@0.224.0/media_types/vendor/mime-db.v1.52.0.ts": "0218d2c7d900e8cd6fa4a866e0c387712af4af9a1bae55d6b2546c73d273a1e6"
  },
  "workspace": {
    "packageJson": {
      "dependencies": [
        "npm:@libsql/client@~0.17.4",
        "npm:@prisma/adapter-libsql@^7.9.0",
        "npm:@prisma/client@^7.9.0",
        "npm:@types/cors@^2.8.19",
        "npm:@types/express@^5.0.3",
        "npm:@types/node@^22.15.3",
        "npm:cors@^2.8.6",
        "npm:express@^5.1.0",
        "npm:prisma@^7.9.0",
        "npm:tsx@^4.19.4",
        "npm:vitest@^3.1.3"
      ]
    }
  }
}
