{
  "version": "5",
  "specifiers": {
    "npm:mime@^4.1.0": "4.1.0",
    "npm:octokit@^5.0.5": "5.0.5",
    "npm:tldts@^7.0.27": "7.0.27"
  },
  "npm": {
    "@octokit/app@16.1.2": {
      "integrity": "sha512-8j7sEpUYVj18dxvh0KWj6W/l6uAiVRBl1JBDVRqH1VHKAO/G5eRVl4yEoYACjakWers1DjUkcCHyJNQK47JqyQ==",
      "dependencies": [
        "@octokit/auth-app",
        "@octokit/auth-unauthenticated",
        "@octokit/core",
        "@octokit/oauth-app",
        "@octokit/plugin-paginate-rest",
        "@octokit/types",
        "@octokit/webhooks"
      ]
    },
    "@octokit/auth-app@8.2.0": {
      "integrity": "sha512-vVjdtQQwomrZ4V46B9LaCsxsySxGoHsyw6IYBov/TqJVROrlYdyNgw5q6tQbB7KZt53v1l1W53RiqTvpzL907g==",
      "dependencies": [
        "@octokit/auth-oauth-app",
        "@octokit/auth-oauth-user",
        "@octokit/request",
        "@octokit/request-error",
        "@octokit/types",
        "toad-cache",
        "universal-github-app-jwt",
        "universal-user-agent"
      ]
    },
    "@octokit/auth-oauth-app@9.0.3": {
      "integrity": "sha512-+yoFQquaF8OxJSxTb7rnytBIC2ZLbLqA/yb71I4ZXT9+Slw4TziV9j/kyGhUFRRTF2+7WlnIWsePZCWHs+OGjg==",
      "dependencies": [
        "@octokit/auth-oauth-device",
        "@octokit/auth-oauth-user",
        "@octokit/request",
        "@octokit/types",
        "universal-user-agent"
      ]
    },
    "@octokit/auth-oauth-device@8.0.3": {
      "integrity": "sha512-zh2W0mKKMh/VWZhSqlaCzY7qFyrgd9oTWmTmHaXnHNeQRCZr/CXy2jCgHo4e4dJVTiuxP5dLa0YM5p5QVhJHbw==",
      "dependencies": [
        "@octokit/oauth-methods",
        "@octokit/request",
        "@octokit/types",
        "universal-user-agent"
      ]
    },
    "@octokit/auth-oauth-user@6.0.2": {
      "integrity": "sha512-qLoPPc6E6GJoz3XeDG/pnDhJpTkODTGG4kY0/Py154i/I003O9NazkrwJwRuzgCalhzyIeWQ+6MDvkUmKXjg/A==",
      "dependencies": [
        "@octokit/auth-oauth-device",
        "@octokit/oauth-methods",
        "@octokit/request",
        "@octokit/types",
        "universal-user-agent"
      ]
    },
    "@octokit/auth-token@6.0.0": {
      "integrity": "sha512-P4YJBPdPSpWTQ1NU4XYdvHvXJJDxM6YwpS0FZHRgP7YFkdVxsWcpWGy/NVqlAA7PcPCnMacXlRm1y2PFZRWL/w=="
    },
    "@octokit/auth-unauthenticated@7.0.3": {
      "integrity": "sha512-8Jb1mtUdmBHL7lGmop9mU9ArMRUTRhg8vp0T1VtZ4yd9vEm3zcLwmjQkhNEduKawOOORie61xhtYIhTDN+ZQ3g==",
      "dependencies": [
        "@octokit/request-error",
        "@octokit/types"
      ]
    },
    "@octokit/core@7.0.6": {
      "integrity": "sha512-DhGl4xMVFGVIyMwswXeyzdL4uXD5OGILGX5N8Y+f6W7LhC1Ze2poSNrkF/fedpVDHEEZ+PHFW0vL14I+mm8K3Q==",
      "dependencies": [
        "@octokit/auth-token",
        "@octokit/graphql",
        "@octokit/request",
        "@octokit/request-error",
        "@octokit/types",
        "before-after-hook",
        "universal-user-agent"
      ]
    },
    "@octokit/endpoint@11.0.3": {
      "integrity": "sha512-FWFlNxghg4HrXkD3ifYbS/IdL/mDHjh9QcsNyhQjN8dplUoZbejsdpmuqdA76nxj2xoWPs7p8uX2SNr9rYu0Ag==",
      "dependencies": [
        "@octokit/types",
        "universal-user-agent"
      ]
    },
    "@octokit/graphql@9.0.3": {
      "integrity": "sha512-grAEuupr/C1rALFnXTv6ZQhFuL1D8G5y8CN04RgrO4FIPMrtm+mcZzFG7dcBm+nq+1ppNixu+Jd78aeJOYxlGA==",
      "dependencies": [
        "@octokit/request",
        "@octokit/types",
        "universal-user-agent"
      ]
    },
    "@octokit/oauth-app@8.0.3": {
      "integrity": "sha512-jnAjvTsPepyUaMu9e69hYBuozEPgYqP4Z3UnpmvoIzHDpf8EXDGvTY1l1jK0RsZ194oRd+k6Hm13oRU8EoDFwg==",
      "dependencies": [
        "@octokit/auth-oauth-app",
        "@octokit/auth-oauth-user",
        "@octokit/auth-unauthenticated",
        "@octokit/core",
        "@octokit/oauth-authorization-url",
        "@octokit/oauth-methods",
        "@types/aws-lambda",
        "universal-user-agent"
      ]
    },
    "@octokit/oauth-authorization-url@8.0.0": {
      "integrity": "sha512-7QoLPRh/ssEA/HuHBHdVdSgF8xNLz/Bc5m9fZkArJE5bb6NmVkDm3anKxXPmN1zh6b5WKZPRr3697xKT/yM3qQ=="
    },
    "@octokit/oauth-methods@6.0.2": {
      "integrity": "sha512-HiNOO3MqLxlt5Da5bZbLV8Zarnphi4y9XehrbaFMkcoJ+FL7sMxH/UlUsCVxpddVu4qvNDrBdaTVE2o4ITK8ng==",
      "dependencies": [
        "@octokit/oauth-authorization-url",
        "@octokit/request",
        "@octokit/request-error",
        "@octokit/types"
      ]
    },
    "@octokit/openapi-types@27.0.0": {
      "integrity": "sha512-whrdktVs1h6gtR+09+QsNk2+FO+49j6ga1c55YZudfEG+oKJVvJLQi3zkOm5JjiUXAagWK2tI2kTGKJ2Ys7MGA=="
    },
    "@octokit/openapi-webhooks-types@12.1.0": {
      "integrity": "sha512-WiuzhOsiOvb7W3Pvmhf8d2C6qaLHXrWiLBP4nJ/4kydu+wpagV5Fkz9RfQwV2afYzv3PB+3xYgp4mAdNGjDprA=="
    },
    "@octokit/plugin-paginate-graphql@6.0.0_@octokit+core@7.0.6": {
      "integrity": "sha512-crfpnIoFiBtRkvPqOyLOsw12XsveYuY2ieP6uYDosoUegBJpSVxGwut9sxUgFFcll3VTOTqpUf8yGd8x1OmAkQ==",
      "dependencies": [
        "@octokit/core"
      ]
    },
    "@octokit/plugin-paginate-rest@14.0.0_@octokit+core@7.0.6": {
      "integrity": "sha512-fNVRE7ufJiAA3XUrha2omTA39M6IXIc6GIZLvlbsm8QOQCYvpq/LkMNGyFlB1d8hTDzsAXa3OKtybdMAYsV/fw==",
      "dependencies": [
        "@octokit/core",
        "@octokit/types"
      ]
    },
    "@octokit/plugin-rest-endpoint-methods@17.0.0_@octokit+core@7.0.6": {
      "integrity": "sha512-B5yCyIlOJFPqUUeiD0cnBJwWJO8lkJs5d8+ze9QDP6SvfiXSz1BF+91+0MeI1d2yxgOhU/O+CvtiZ9jSkHhFAw==",
      "dependencies": [
        "@octokit/core",
        "@octokit/types"
      ]
    },
    "@octokit/plugin-retry@8.1.0_@octokit+core@7.0.6": {
      "integrity": "sha512-O1FZgXeiGb2sowEr/hYTr6YunGdSAFWnr2fyW39Ah85H8O33ELASQxcvOFF5LE6Tjekcyu2ms4qAzJVhSaJxTw==",
      "dependencies": [
        "@octokit/core",
        "@octokit/request-error",
        "@octokit/types",
        "bottleneck"
      ]
    },
    "@octokit/plugin-throttling@11.0.3_@octokit+core@7.0.6": {
      "integrity": "sha512-34eE0RkFCKycLl2D2kq7W+LovheM/ex3AwZCYN8udpi6bxsyjZidb2McXs69hZhLmJlDqTSP8cH+jSRpiaijBg==",
      "dependencies": [
        "@octokit/core",
        "@octokit/types",
        "bottleneck"
      ]
    },
    "@octokit/request-error@7.1.0": {
      "integrity": "sha512-KMQIfq5sOPpkQYajXHwnhjCC0slzCNScLHs9JafXc4RAJI+9f+jNDlBNaIMTvazOPLgb4BnlhGJOTbnN0wIjPw==",
      "dependencies": [
        "@octokit/types"
      ]
    },
    "@octokit/request@10.0.8": {
      "integrity": "sha512-SJZNwY9pur9Agf7l87ywFi14W+Hd9Jg6Ifivsd33+/bGUQIjNujdFiXII2/qSlN2ybqUHfp5xpekMEjIBTjlSw==",
      "dependencies": [
        "@octokit/endpoint",
        "@octokit/request-error",
        "@octokit/types",
        "fast-content-type-parse",
        "json-with-bigint",
        "universal-user-agent"
      ]
    },
    "@octokit/types@16.0.0": {
      "integrity": "sha512-sKq+9r1Mm4efXW1FCk7hFSeJo4QKreL/tTbR0rz/qx/r1Oa2VV83LTA/H/MuCOX7uCIJmQVRKBcbmWoySjAnSg==",
      "dependencies": [
        "@octokit/openapi-types"
      ]
    },
    "@octokit/webhooks-methods@6.0.0": {
      "integrity": "sha512-MFlzzoDJVw/GcbfzVC1RLR36QqkTLUf79vLVO3D+xn7r0QgxnFoLZgtrzxiQErAjFUOdH6fas2KeQJ1yr/qaXQ=="
    },
    "@octokit/webhooks@14.2.0": {
      "integrity": "sha512-da6KbdNCV5sr1/txD896V+6W0iamFWrvVl8cHkBSPT+YlvmT3DwXa4jxZnQc+gnuTEqSWbBeoSZYTayXH9wXcw==",
      "dependencies": [
        "@octokit/openapi-webhooks-types",
        "@octokit/request-error",
        "@octokit/webhooks-methods"
      ]
    },
    "@types/aws-lambda@8.10.161": {
      "integrity": "sha512-rUYdp+MQwSFocxIOcSsYSF3YYYC/uUpMbCY/mbO21vGqfrEYvNSoPyKYDj6RhXXpPfS0KstW9RwG3qXh9sL7FQ=="
    },
    "before-after-hook@4.0.0": {
      "integrity": "sha512-q6tR3RPqIB1pMiTRMFcZwuG5T8vwp+vUvEG0vuI6B+Rikh5BfPp2fQ82c925FOs+b0lcFQ8CFrL+KbilfZFhOQ=="
    },
    "bottleneck@2.19.5": {
      "integrity": "sha512-VHiNCbI1lKdl44tGrhNfU3lup0Tj/ZBMJB5/2ZbNXRCPuRCO7ed2mgcK4r17y+KB2EfuYuRaVlwNbAeaWGSpbw=="
    },
    "fast-content-type-parse@3.0.0": {
      "integrity": "sha512-ZvLdcY8P+N8mGQJahJV5G4U88CSvT1rP8ApL6uETe88MBXrBHAkZlSEySdUlyztF7ccb+Znos3TFqaepHxdhBg=="
    },
    "json-with-bigint@3.5.8": {
      "integrity": "sha512-eq/4KP6K34kwa7TcFdtvnftvHCD9KvHOGGICWwMFc4dOOKF5t4iYqnfLK8otCRCRv06FXOzGGyqE8h8ElMvvdw=="
    },
    "mime@4.1.0": {
      "integrity": "sha512-X5ju04+cAzsojXKes0B/S4tcYtFAJ6tTMuSPBEn9CPGlrWr8Fiw7qYeLT0XyH80HSoAoqWCaz+MWKh22P7G1cw==",
      "bin": true
    },
    "octokit@5.0.5": {
      "integrity": "sha512-4+/OFSqOjoyULo7eN7EA97DE0Xydj/PW5aIckxqQIoFjFwqXKuFCvXUJObyJfBF9Khu4RL/jlDRI9FPaMGfPnw==",
      "dependencies": [
        "@octokit/app",
        "@octokit/core",
        "@octokit/oauth-app",
        "@octokit/plugin-paginate-graphql",
        "@octokit/plugin-paginate-rest",
        "@octokit/plugin-rest-endpoint-methods",
        "@octokit/plugin-retry",
        "@octokit/plugin-throttling",
        "@octokit/request-error",
        "@octokit/types",
        "@octokit/webhooks"
      ]
    },
    "tldts-core@7.0.27": {
      "integrity": "sha512-YQ7uPjgWUibIK6DW5lrKujGwUKhLevU4hcGbP5O6TcIUb+oTjJYJVWPS4nZsIHrEEEG6myk/oqAJUEQmpZrHsg=="
    },
    "tldts@7.0.27": {
      "integrity": "sha512-I4FZcVFcqCRuT0ph6dCDpPuO4Xgzvh+spkcTr1gK7peIvxWauoloVO0vuy1FQnijT63ss6AsHB6+OIM4aXHbPg==",
      "dependencies": [
        "tldts-core"
      ],
      "bin": true
    },
    "toad-cache@3.7.0": {
      "integrity": "sha512-/m8M+2BJUpoJdgAHoG+baCwBT+tf2VraSfkBgl0Y00qIWt41DJ8R5B8nsEw0I58YwF5IZH6z24/2TobDKnqSWw=="
    },
    "universal-github-app-jwt@2.2.2": {
      "integrity": "sha512-dcmbeSrOdTnsjGjUfAlqNDJrhxXizjAz94ija9Qw8YkZ1uu0d+GoZzyH+Jb9tIIqvGsadUfwg+22k5aDqqwzbw=="
    },
    "universal-user-agent@7.0.3": {
      "integrity": "sha512-TmnEAEAsBJVZM/AADELsK76llnwcf9vMKuPz8JflO1frO8Lchitr0fNaN9d+Ap0BjKtqWqd/J17qeDnXh8CL2A=="
    }
  },
  "redirects": {
    "https://deno.land/x/jszip/mod.ts": "https://deno.land/x/jszip@0.11.0/mod.ts",
    "https://esm.sh/core-util-is@~1.0.0?target=denonext": "https://esm.sh/core-util-is@1.0.3?target=denonext",
    "https://esm.sh/immediate@~3.0.5?target=denonext": "https://esm.sh/immediate@3.0.6?target=denonext",
    "https://esm.sh/isarray@~1.0.0?target=denonext": "https://esm.sh/isarray@1.0.0?target=denonext",
    "https://esm.sh/lie@~3.3.0?target=denonext": "https://esm.sh/lie@3.3.0?target=denonext",
    "https://esm.sh/pako@~1.0.2?target=denonext": "https://esm.sh/pako@1.0.11?target=denonext",
    "https://esm.sh/process-nextick-args@~2.0.0?target=denonext": "https://esm.sh/process-nextick-args@2.0.1?target=denonext",
    "https://esm.sh/readable-stream@~2.3.6?target=denonext": "https://esm.sh/readable-stream@2.3.8?target=denonext",
    "https://esm.sh/safe-buffer@~5.1.0?target=denonext": "https://esm.sh/safe-buffer@5.1.2?target=denonext",
    "https://esm.sh/safe-buffer@~5.1.1?target=denonext": "https://esm.sh/safe-buffer@5.1.2?target=denonext",
    "https://esm.sh/set-immediate-shim@~1.0.1?target=denonext": "https://esm.sh/set-immediate-shim@1.0.1?target=denonext",
    "https://esm.sh/string_decoder@~1.1.1?target=denonext": "https://esm.sh/string_decoder@1.1.1?target=denonext",
    "https://esm.sh/util-deprecate@~1.0.1?target=denonext": "https://esm.sh/util-deprecate@1.0.2?target=denonext"
  },
  "remote": {
    "https://deno.land/std@0.116.0/_util/assert.ts": "2f868145a042a11d5ad0a3c748dcf580add8a0dbc0e876eaa0026303a5488f58",
    "https://deno.land/std@0.116.0/_util/os.ts": "dfb186cc4e968c770ab6cc3288bd65f4871be03b93beecae57d657232ecffcac",
    "https://deno.land/std@0.116.0/fs/walk.ts": "31464d75099aa3fc7764212576a8772dfabb2692783e6eabb910f874a26eac54",
    "https://deno.land/std@0.116.0/path/_constants.ts": "1247fee4a79b70c89f23499691ef169b41b6ccf01887a0abd131009c5581b853",
    "https://deno.land/std@0.116.0/path/_interface.ts": "1fa73b02aaa24867e481a48492b44f2598cd9dfa513c7b34001437007d3642e4",
    "https://deno.land/std@0.116.0/path/_util.ts": "2e06a3b9e79beaf62687196bd4b60a4c391d862cfa007a20fc3a39f778ba073b",
    "https://deno.land/std@0.116.0/path/common.ts": "f41a38a0719a1e85aa11c6ba3bea5e37c15dd009d705bd8873f94c833568cbc4",
    "https://deno.land/std@0.116.0/path/glob.ts": "ea87985765b977cc284b92771003b2070c440e0807c90e1eb0ff3e095911a820",
    "https://deno.land/std@0.116.0/path/mod.ts": "4465dc494f271b02569edbb4a18d727063b5dbd6ed84283ff906260970a15d12",
    "https://deno.land/std@0.116.0/path/posix.ts": "34349174b9cd121625a2810837a82dd8b986bbaaad5ade690d1de75bbb4555b2",
    "https://deno.land/std@0.116.0/path/separator.ts": "8fdcf289b1b76fd726a508f57d3370ca029ae6976fcde5044007f062e643ff1c",
    "https://deno.land/std@0.116.0/path/win32.ts": "11549e8c6df8307a8efcfa47ad7b2a75da743eac7d4c89c9723a944661c8bd2e",
    "https://deno.land/x/jszip@0.11.0/mod.ts": "5661ddc18e9ac9c07e3c5d2483bc912a7022b6af0d784bb7b05035973e640ba1",
    "https://esm.sh/core-util-is@1.0.3/denonext/core-util-is.mjs": "cfcf1ae63d56751cbe4b3b90b90b7eea577c5380c4adc272ddea4b7db2bdbbf2",
    "https://esm.sh/core-util-is@1.0.3?target=denonext": "6c72958f8a1c8f42016b48c984a0f3d799ea1e0cd321f499fec0bf8db916c17f",
    "https://esm.sh/immediate@3.0.6/denonext/immediate.mjs": "7148ba33cb905f7aca49affbacfa6a8257cd6b89e8c3c7c728d2d0387b4cce29",
    "https://esm.sh/immediate@3.0.6?target=denonext": "fba8d9ddb37f19ff27c0b1c5b4486ab82805114b14959379d92ca05d6351c5d3",
    "https://esm.sh/isarray@1.0.0/denonext/isarray.mjs": "0f26133cd58fc8580f99bbfd81f6290718328dc2a683c313c36f6b1e8c174edc",
    "https://esm.sh/isarray@1.0.0?target=denonext": "00e227f6d016cb5a5f832f6f2de91dd8ab092c7ac830c551bfcf0f63284d89e6",
    "https://esm.sh/jszip@3.7.1": "5161d6a228d844791a60ab58360bd3b76c4d3921b4a725616cd7403203519249",
    "https://esm.sh/jszip@3.7.1/denonext/jszip.mjs": "325e8509d94e1460a8bb0bbb58b47a7b70c63b48568a60993e2880dba3a3062d",
    "https://esm.sh/lie@3.3.0/denonext/lie.mjs": "20db2fef139e87d467b7cf24a9e53053e96460fefedde5910f925b1d0ddc0cba",
    "https://esm.sh/lie@3.3.0?target=denonext": "74a2c724bd2fef30c46c612632dfd2ee37394f1a4540eb112e0df2ef98df0434",
    "https://esm.sh/pako@1.0.11/denonext/pako.mjs": "4895feb3e2441ef725da4052a5dc93d219d065fef1decc4452bb9b7ee1477c0d",
    "https://esm.sh/pako@1.0.11?target=denonext": "bc43f66ed245d58d468bf9867b3e9080c5b0590b4c14038ea308954490e0b2ea",
    "https://esm.sh/process-nextick-args@2.0.1/denonext/process-nextick-args.mjs": "adffdd507c6571957aaab9d3f0a2aa54febdda1b4d546a57967fd2299505339e",
    "https://esm.sh/process-nextick-args@2.0.1?target=denonext": "b80260031d83086964facc0efc6e2cc8fd878d9ce14dfcf6999e508a4d8d13d0",
    "https://esm.sh/readable-stream@2.3.8/denonext/readable-stream.mjs": "ce8c7e2e7783c4487c1e9fcaf8824f0af26d48e6f5fe02fa9cbd70c34799ef98",
    "https://esm.sh/readable-stream@2.3.8?target=denonext": "a8d158c470101e7518fdf293728d4cb8b2ab2cac73140940c8a9ee5542194e13",
    "https://esm.sh/safe-buffer@5.1.2/denonext/safe-buffer.mjs": "848e2c2dafb98ea738399526e4396607872d1118acf8eb56eecd2a5f3be75568",
    "https://esm.sh/safe-buffer@5.1.2?target=denonext": "3126988c629e3dc2d6126b26f654aceae10ad989622a21cb2a73ee72603f7df8",
    "https://esm.sh/set-immediate-shim@1.0.1/denonext/set-immediate-shim.mjs": "a0fc9b90f281a6541c474dbf55184ef3a9360248f53cb3fa9479480cd24cdd40",
    "https://esm.sh/set-immediate-shim@1.0.1?target=denonext": "8d30997d25a26dbcd4d79b613e6f400af85194f8e18e8e7014bc5fe3c9ffd429",
    "https://esm.sh/string_decoder@1.1.1/denonext/string_decoder.mjs": "494e5a7fae95d5326e8aee93b4adfde75e389eea7a54bc1feea8549e786da032",
    "https://esm.sh/string_decoder@1.1.1?target=denonext": "092c97b62b99368a40fa044c402188472658bc71529415f73c16f66c05aaf6bf",
    "https://esm.sh/util-deprecate@1.0.2/denonext/util-deprecate.mjs": "083639894972cb68837eef26346c43bdd01357977149e0a4493f76192a4008b8",
    "https://esm.sh/util-deprecate@1.0.2?target=denonext": "859f4df8ba771a4c33143185d3db6a7edb824fab1ed4f9a4b96ac0e6bc3ef1a4"
  },
  "workspace": {
    "packageJson": {
      "dependencies": [
        "npm:mime@^4.1.0",
        "npm:octokit@^5.0.5",
        "npm:tldts@^7.0.27"
      ]
    }
  }
}
